// !$*UTF8*$!
{
	archiveVersion = 1;
	classes = {
	};
	objectVersion = 77;
	objects = {

/* Begin PBXBuildFile section */
		1F2495F7FDC775FB45DA22C6 /* PatternsmithCore in Frameworks */ = {isa = PBXBuildFile; productRef = AF67DE54195DDDEA056D4553 /* PatternsmithCore */; };
		3EA2FA7466A228A2262FA275 /* StepFormatting.swift in Sources */ = {isa = PBXBuildFile; fileRef = B5F7B0151FBB1CD791E2BF27 /* StepFormatting.swift */; };
		455D84813B839ADFF52044F3 /* PatternsmithApp.swift in Sources */ = {isa = PBXBuildFile; fileRef = DCC3FB01127AF9006F4CCF29 /* PatternsmithApp.swift */; };
		473F67EEBF583A9E80752086 /* Assets.xcassets in Resources */ = {isa = PBXBuildFile; fileRef = F693818217EF40FF43B6535B /* Assets.xcassets */; };
		C3370DB4B469A9F1C184DE44 /* ContentView.swift in Sources */ = {isa = PBXBuildFile; fileRef = ECE8D88613CD6A6D9AA3A791 /* ContentView.swift */; };
		DF2925DD3921E7B8FC1B656A /* EditorModel.swift in Sources */ = {isa = PBXBuildFile; fileRef = 7BA37087E0D1FB039387FF0A /* EditorModel.swift */; };
		F9AD0E411AF2B3493DF04CEB /* PatternGridView.swift in Sources */ = {isa = PBXBuildFile; fileRef = FF475A5299B732EF8E36BD8C /* PatternGridView.swift */; };
/* End PBXBuildFile section */

/* Begin PBXFileReference section */
		7BA37087E0D1FB039387FF0A /* EditorModel.swift */ = {isa = PBXFileReference; lastKnownFileType = sourcecode.swift; path = EditorModel.swift; sourceTree = "<group>"; };
		A74D0E358BD3D2E4DC90551A /* PatternsmithCore */ = {isa = PBXFileReference; lastKnownFileType = folder; name = PatternsmithCore; path = ../PatternsmithCore; sourceTree = SOURCE_ROOT; };
		B5F7B0151FBB1CD791E2BF27 /* StepFormatting.swift */ = {isa = PBXFileReference; lastKnownFileType = sourcecode.swift; path = StepFormatting.swift; sourceTree = "<group>"; };
		BC20B74A9E3A58F45D328BA5 /* Patternsmith.app */ = {isa = PBXFileReference; explicitFileType = wrapper.application; includeInIndex = 0; path = Patternsmith.app; sourceTree = BUILT_PRODUCTS_DIR; };
		C958D9921A0E95AF6A51A205 /* Patternsmith.entitlements */ = {isa = PBXFileReference; lastKnownFileType = text.plist.entitlements; path = Patternsmith.entitlements; sourceTree = "<group>"; };
		DCC3FB01127AF9006F4CCF29 /* PatternsmithApp.swift */ = {isa = PBXFileReference; lastKnownFileType = sourcecode.swift; path = PatternsmithApp.swift; sourceTree = "<group>"; };
		ECE8D88613CD6A6D9AA3A791 /* ContentView.swift */ = {isa = PBXFileReference; lastKnownFileType = sourcecode.swift; path = ContentView.swift; sourceTree = "<group>"; };
		F693818217EF40FF43B6535B /* Assets.xcassets */ = {isa = PBXFileReference; lastKnownFileType = folder.assetcatalog; path = Assets.xcassets; sourceTree = "<group>"; };
		FF475A5299B732EF8E36BD8C /* PatternGridView.swift */ = {isa = PBXFileReference; lastKnownFileType = sourcecode.swift; path = PatternGridView.swift; sourceTree = "<group>"; };
/* End PBXFileReference section */

/* Begin PBXFrameworksBuildPhase section */
		FF50E0CD0B498248BF3ECA98 /* Frameworks */ = {
			isa = PBXFrameworksBuildPhase;
			buildActionMask = 2147483647;
			files = (
				1F2495F7FDC775FB45DA22C6 /* PatternsmithCore in Frameworks */,
			);
			runOnlyForDeploymentPostprocessing = 0;
		};
/* End PBXFrameworksBuildPhase section */

/* Begin PBXGroup section */
		00CE30AEA969CB4ED7E2256C = {
			isa = PBXGroup;
			children = (
				EACB538D3B193639240C405B /* Packages */,
				B19B5792FE6878DF2E123EEC /* Patternsmith */,
				DE196EC3167DCE370BF260F1 /* Products */,
			);
			sourceTree = "<group>";
		};
		B19B5792FE6878DF2E123EEC /* Patternsmith */ = {
			isa = PBXGroup;
			children = (
				F693818217EF40FF43B6535B /* Assets.xcassets */,
				ECE8D88613CD6A6D9AA3A791 /* ContentView.swift */,
				7BA37087E0D1FB039387FF0A /* EditorModel.swift */,
				FF475A5299B732EF8E36BD8C /* PatternGridView.swift */,
				C958D9921A0E95AF6A51A205 /* Patternsmith.entitlements */,
				DCC3FB01127AF9006F4CCF29 /* PatternsmithApp.swift */,
				B5F7B0151FBB1CD791E2BF27 /* StepFormatting.swift */,
			);
			path = Patternsmith;
			sourceTree = "<group>";
		};
		DE196EC3167DCE370BF260F1 /* Products */ = {
			isa = PBXGroup;
			children = (
				BC20B74A9E3A58F45D328BA5 /* Patternsmith.app */,
			);
			name = Products;
			sourceTree = "<group>";
		};
		EACB538D3B193639240C405B /* Packages */ = {
			isa = PBXGroup;
			children = (
				A74D0E358BD3D2E4DC90551A /* PatternsmithCore */,
			);
			name = Packages;
			sourceTree = "<group>";
		};
/* End PBXGroup section */

/* Begin PBXNativeTarget section */
		4D1E40D787134827B19FA563 /* Patternsmith */ = {
			isa = PBXNativeTarget;
			buildConfigurationList = DC738F3FE28B8971FD4B9336 /* Build configuration list for PBXNativeTarget "Patternsmith" */;
			buildPhases = (
				E4E4CE4DC8A6753C84A7B07E /* Sources */,
				3A3035E2331E095CE5E3C8A8 /* Resources */,
				FF50E0CD0B498248BF3ECA98 /* Frameworks */,
			);
			buildRules = (
			);
			dependencies = (
			);
			name = Patternsmith;
			packageProductDependencies = (
				AF67DE54195DDDEA056D4553 /* PatternsmithCore */,
			);
			productName = Patternsmith;
			productReference = BC20B74A9E3A58F45D328BA5 /* Patternsmith.app */;
			productType = "com.apple.product-type.application";
		};
/* End PBXNativeTarget section */

/* Begin PBXProject section */
		BDE415F9325D34934FC2CFC0 /* Project object */ = {
			isa = PBXProject;
			attributes = {
				BuildIndependentTargetsInParallel = YES;
				LastUpgradeCheck = 2600;
				TargetAttributes = {
					4D1E40D787134827B19FA563 = {
						ProvisioningStyle = Automatic;
					};
				};
			};
			buildConfigurationList = 03F096C5FBCBAF65B4CE8309 /* Build configuration list for PBXProject "Patternsmith" */;
			developmentRegion = en;
			hasScannedForEncodings = 0;
			knownRegions = (
				Base,
				en,
			);
			mainGroup = 00CE30AEA969CB4ED7E2256C;
			minimizedProjectReferenceProxies = 1;
			packageReferences = (
				96EDAF6F690B05BB01C9A277 /* XCLocalSwiftPackageReference "../PatternsmithCore" */,
			);
			preferredProjectObjectVersion = 77;
			productRefGroup = DE196EC3167DCE370BF260F1 /* Products */;
			projectDirPath = "";
			projectRoot = "";
			targets = (
				4D1E40D787134827B19FA563 /* Patternsmith */,
			);
		};
/* End PBXProject section */

/* Begin PBXResourcesBuildPhase section */
		3A3035E2331E095CE5E3C8A8 /* Resources */ = {
			isa = PBXResourcesBuildPhase;
			buildActionMask = 2147483647;
			files = (
				473F67EEBF583A9E80752086 /* Assets.xcassets in Resources */,
			);
			runOnlyForDeploymentPostprocessing = 0;
		};
/* End PBXResourcesBuildPhase section */

/* Begin PBXSourcesBuildPhase section */
		E4E4CE4DC8A6753C84A7B07E /* Sources */ = {
			isa = PBXSourcesBuildPhase;
			buildActionMask = 2147483647;
			files = (
				C3370DB4B469A9F1C184DE44 /* ContentView.swift in Sources */,
				DF2925DD3921E7B8FC1B656A /* EditorModel.swift in Sources */,
				F9AD0E411AF2B3493DF04CEB /* PatternGridView.swift in Sources */,
				455D84813B839ADFF52044F3 /* PatternsmithApp.swift in Sources */,
				3EA2FA7466A228A2262FA275 /* StepFormatting.swift in Sources */,
			);
			runOnlyForDeploymentPostprocessing = 0;
		};
/* End PBXSourcesBuildPhase section */

/* Begin XCBuildConfiguration section */
		3E16621AA53D48DFE5BE8DD6 /* Release */ = {
			isa = XCBuildConfiguration;
			buildSettings = {
				ALWAYS_SEARCH_USER_PATHS = NO;
				CLANG_ANALYZER_NONNULL = YES;
				CLANG_ANALYZER_NUMBER_OBJECT_CONVERSION = YES_AGGRESSIVE;
				CLANG_CXX_LANGUAGE_STANDARD = "gnu++14";
				CLANG_CXX_LIBRARY = "libc++";
				CLANG_ENABLE_MODULES = YES;
				CLANG_ENABLE_OBJC_ARC = YES;
				CLANG_ENABLE_OBJC_WEAK = YES;
				CLANG_WARN_BLOCK_CAPTURE_AUTORELEASING = YES;
				CLANG_WARN_BOOL_CONVERSION = YES;
				CLANG_WARN_COMMA = YES;
				CLANG_WARN_CONSTANT_CONVERSION = YES;
				CLANG_WARN_DEPRECATED_OBJC_IMPLEMENTATIONS = YES;
				CLANG_WARN_DIRECT_OBJC_ISA_USAGE = YES_ERROR;
				CLANG_WARN_DOCUMENTATION_COMMENTS = YES;
				CLANG_WARN_EMPTY_BODY = YES;
				CLANG_WARN_ENUM_CONVERSION = YES;
				CLANG_WARN_INFINITE_RECURSION = YES;
				CLANG_WARN_INT_CONVERSION = YES;
				CLANG_WARN_NON_LITERAL_NULL_CONVERSION = YES;
				CLANG_WARN_OBJC_IMPLICIT_RETAIN_SELF = YES;
				CLANG_WARN_OBJC_LITERAL_CONVERSION = YES;
				CLANG_WARN_OBJC_ROOT_CLASS = YES_ERROR;
				CLANG_WARN_QUOTED_INCLUDE_IN_FRAMEWORK_HEADER = YES;
				CLANG_WARN_RANGE_LOOP_ANALYSIS = YES;
				CLANG_WARN_STRICT_PROTOTYPES = YES;
				CLANG_WARN_SUSPICIOUS_MOVE = YES;
				CLANG_WARN_UNGUARDED_AVAILABILITY = YES_AGGRESSIVE;
				CLANG_WARN_UNREACHABLE_CODE = YES;
				CLANG_WARN__DUPLICATE_METHOD_MATCH = YES;
				COPY_PHASE_STRIP = NO;
				DEBUG_INFORMATION_FORMAT = "dwarf-with-dsym";
				ENABLE_NS_ASSERTIONS = NO;
				ENABLE_STRICT_OBJC_MSGSEND = YES;
				GCC_C_LANGUAGE_STANDARD = gnu11;
				GCC_NO_COMMON_BLOCKS = YES;
				GCC_WARN_64_TO_32_BIT_CONVERSION = YES;
				GCC_WARN_ABOUT_RETURN_TYPE = YES_ERROR;
				GCC_WARN_UNDECLARED_SELECTOR = YES;
				GCC_WARN_UNINITIALIZED_AUTOS = YES_AGGRESSIVE;
				GCC_WARN_UNUSED_FUNCTION = YES;
				GCC_WARN_UNUSED_VARIABLE = YES;
				MACOSX_DEPLOYMENT_TARGET = 14.0;
				MTL_ENABLE_DEBUG_INFO = NO;
				MTL_FAST_MATH = YES;
				PRODUCT_NAME = "$(TARGET_NAME)";
				SDKROOT = macosx;
				SWIFT_COMPILATION_MODE = wholemodule;
				SWIFT_OPTIMIZATION_LEVEL = "-O";
				SWIFT_VERSION = 5.0;
			};
			name = Release;
		};
		495796A318DE40E82CF255EA /* Debug */ = {
			isa = XCBuildConfiguration;
			buildSettings = {
				ASSETCATALOG_COMPILER_APPICON_NAME = AppIcon;
				CODE_SIGN_ENTITLEMENTS = Patternsmith/Patternsmith.entitlements;
				CODE_SIGN_STYLE = Automatic;
				COMBINE_HIDPI_IMAGES = YES;
				CURRENT_PROJECT_VERSION = 1;
				DEAD_CODE_STRIPPING = YES;
				ENABLE_HARDENED_RUNTIME = YES;
				ENABLE_USER_SCRIPT_SANDBOXING = YES;
				GENERATE_INFOPLIST_FILE = YES;
				INFOPLIST_KEY_CFBundleDisplayName = Patternsmith;
				INFOPLIST_KEY_LSApplicationCategoryType = "public.app-category.music";
				LD_RUNPATH_SEARCH_PATHS = (
					"$(inherited)",
					"@executable_path/../Frameworks",
				);
				MARKETING_VERSION = 0.1.0;
				PRODUCT_BUNDLE_IDENTIFIER = com.iamjarl.patternsmith;
				PRODUCT_NAME = Patternsmith;
				SDKROOT = macosx;
				SWIFT_VERSION = 6.0;
			};
			name = Debug;
		};
		90B14C75F0A04AF8F5604B1B /* Release */ = {
			isa = XCBuildConfiguration;
			buildSettings = {
				ASSETCATALOG_COMPILER_APPICON_NAME = AppIcon;
				CODE_SIGN_ENTITLEMENTS = Patternsmith/Patternsmith.entitlements;
				CODE_SIGN_STYLE = Automatic;
				COMBINE_HIDPI_IMAGES = YES;
				CURRENT_PROJECT_VERSION = 1;
				DEAD_CODE_STRIPPING = YES;
				ENABLE_HARDENED_RUNTIME = YES;
				ENABLE_USER_SCRIPT_SANDBOXING = YES;
				GENERATE_INFOPLIST_FILE = YES;
				INFOPLIST_KEY_CFBundleDisplayName = Patternsmith;
				INFOPLIST_KEY_LSApplicationCategoryType = "public.app-category.music";
				LD_RUNPATH_SEARCH_PATHS = (
					"$(inherited)",
					"@executable_path/../Frameworks",
				);
				MARKETING_VERSION = 0.1.0;
				PRODUCT_BUNDLE_IDENTIFIER = com.iamjarl.patternsmith;
				PRODUCT_NAME = Patternsmith;
				SDKROOT = macosx;
				SWIFT_VERSION = 6.0;
			};
			name = Release;
		};
		EA16D35541BBB936ED954CC6 /* Debug */ = {
			isa = XCBuildConfiguration;
			buildSettings = {
				ALWAYS_SEARCH_USER_PATHS = NO;
				CLANG_ANALYZER_NONNULL = YES;
				CLANG_ANALYZER_NUMBER_OBJECT_CONVERSION = YES_AGGRESSIVE;
				CLANG_CXX_LANGUAGE_STANDARD = "gnu++14";
				CLANG_CXX_LIBRARY = "libc++";
				CLANG_ENABLE_MODULES = YES;
				CLANG_ENABLE_OBJC_ARC = YES;
				CLANG_ENABLE_OBJC_WEAK = YES;
				CLANG_WARN_BLOCK_CAPTURE_AUTORELEASING = YES;
				CLANG_WARN_BOOL_CONVERSION = YES;
				CLANG_WARN_COMMA = YES;
				CLANG_WARN_CONSTANT_CONVERSION = YES;
				CLANG_WARN_DEPRECATED_OBJC_IMPLEMENTATIONS = YES;
				CLANG_WARN_DIRECT_OBJC_ISA_USAGE = YES_ERROR;
				CLANG_WARN_DOCUMENTATION_COMMENTS = YES;
				CLANG_WARN_EMPTY_BODY = YES;
				CLANG_WARN_ENUM_CONVERSION = YES;
				CLANG_WARN_INFINITE_RECURSION = YES;
				CLANG_WARN_INT_CONVERSION = YES;
				CLANG_WARN_NON_LITERAL_NULL_CONVERSION = YES;
				CLANG_WARN_OBJC_IMPLICIT_RETAIN_SELF = YES;
				CLANG_WARN_OBJC_LITERAL_CONVERSION = YES;
				CLANG_WARN_OBJC_ROOT_CLASS = YES_ERROR;
				CLANG_WARN_QUOTED_INCLUDE_IN_FRAMEWORK_HEADER = YES;
				CLANG_WARN_RANGE_LOOP_ANALYSIS = YES;
				CLANG_WARN_STRICT_PROTOTYPES = YES;
				CLANG_WARN_SUSPICIOUS_MOVE = YES;
				CLANG_WARN_UNGUARDED_AVAILABILITY = YES_AGGRESSIVE;
				CLANG_WARN_UNREACHABLE_CODE = YES;
				CLANG_WARN__DUPLICATE_METHOD_MATCH = YES;
				COPY_PHASE_STRIP = NO;
				DEBUG_INFORMATION_FORMAT = dwarf;
				ENABLE_STRICT_OBJC_MSGSEND = YES;
				ENABLE_TESTABILITY = YES;
				GCC_C_LANGUAGE_STANDARD = gnu11;
				GCC_DYNAMIC_NO_PIC = NO;
				GCC_NO_COMMON_BLOCKS = YES;
				GCC_OPTIMIZATION_LEVEL = 0;
				GCC_PREPROCESSOR_DEFINITIONS = (
					"$(inherited)",
					"DEBUG=1",
				);
				GCC_WARN_64_TO_32_BIT_CONVERSION = YES;
				GCC_WARN_ABOUT_RETURN_TYPE = YES_ERROR;
				GCC_WARN_UNDECLARED_SELECTOR = YES;
				GCC_WARN_UNINITIALIZED_AUTOS = YES_AGGRESSIVE;
				GCC_WARN_UNUSED_FUNCTION = YES;
				GCC_WARN_UNUSED_VARIABLE = YES;
				MACOSX_DEPLOYMENT_TARGET = 14.0;
				MTL_ENABLE_DEBUG_INFO = INCLUDE_SOURCE;
				MTL_FAST_MATH = YES;
				ONLY_ACTIVE_ARCH = YES;
				PRODUCT_NAME = "$(TARGET_NAME)";
				SDKROOT = macosx;
				SWIFT_ACTIVE_COMPILATION_CONDITIONS = DEBUG;
				SWIFT_OPTIMIZATION_LEVEL = "-Onone";
				SWIFT_VERSION = 5.0;
			};
			name = Debug;
		};
/* End XCBuildConfiguration section */

/* Begin XCConfigurationList section */
		03F096C5FBCBAF65B4CE8309 /* Build configuration list for PBXProject "Patternsmith" */ = {
			isa = XCConfigurationList;
			buildConfigurations = (
				EA16D35541BBB936ED954CC6 /* Debug */,
				3E16621AA53D48DFE5BE8DD6 /* Release */,
			);
			defaultConfigurationIsVisible = 0;
			defaultConfigurationName = Debug;
		};
		DC738F3FE28B8971FD4B9336 /* Build configuration list for PBXNativeTarget "Patternsmith" */ = {
			isa = XCConfigurationList;
			buildConfigurations = (
				495796A318DE40E82CF255EA /* Debug */,
				90B14C75F0A04AF8F5604B1B /* Release */,
			);
			defaultConfigurationIsVisible = 0;
			defaultConfigurationName = Debug;
		};
/* End XCConfigurationList section */

/* Begin XCLocalSwiftPackageReference section */
		96EDAF6F690B05BB01C9A277 /* XCLocalSwiftPackageReference "../PatternsmithCore" */ = {
			isa = XCLocalSwiftPackageReference;
			relativePath = ../PatternsmithCore;
		};
/* End XCLocalSwiftPackageReference section */

/* Begin XCSwiftPackageProductDependency section */
		AF67DE54195DDDEA056D4553 /* PatternsmithCore */ = {
			isa = XCSwiftPackageProductDependency;
			productName = PatternsmithCore;
		};
/* End XCSwiftPackageProductDependency section */
	};
	rootObject = BDE415F9325D34934FC2CFC0 /* Project object */;
}
